
Microsoft Visual Studio Solution File, Format Version 12.00
# Visual Studio 2013
VisualStudioVersion = 12.0.40629.0
MinimumVisualStudioVersion = 10.0.40219.1
Project("{FAE04EC0-301F-11D3-BF4B-00C04F79EFBC}") = "Captura.Api", "Captura.Api\Captura.Api.csproj", "{478AF6FE-13E9-4E5F-A6B6-286C6F9B4CFC}"
EndProject
Project("{FAE04EC0-301F-11D3-BF4B-00C04F79EFBC}") = "Captura.Local", "Captura.Local\Captura.Local.csproj", "{F16E7A1B-D6B4-4E15-9BB4-5E63967695CC}"
EndProject
Global
	GlobalSection(SolutionConfigurationPlatforms) = preSolution
		Debug|Any CPU = Debug|Any CPU
		Release|Any CPU = Release|Any CPU
	EndGlobalSection
	GlobalSection(ProjectConfigurationPlatforms) = postSolution
		{478AF6FE-13E9-4E5F-A6B6-286C6F9B4CFC}.Debug|Any CPU.ActiveCfg = Debug|Any CPU
		{478AF6FE-13E9-4E5F-A6B6-286C6F9B4CFC}.Debug|Any CPU.Build.0 = Debug|Any CPU
		{478AF6FE-13E9-4E5F-A6B6-286C6F9B4CFC}.Release|Any CPU.ActiveCfg = Release|Any CPU
		{478AF6FE-13E9-4E5F-A6B6-286C6F9B4CFC}.Release|Any CPU.Build.0 = Release|Any CPU
		{F16E7A1B-D6B4-4E15-9BB4-5E63967695CC}.Debug|Any CPU.ActiveCfg = Debug|Any CPU
		{F16E7A1B-D6B4-4E15-9BB4-5E63967695CC}.Debug|Any CPU.Build.0 = Debug|Any CPU
		{F16E7A1B-D6B4-4E15-9BB4-5E63967695CC}.Release|Any CPU.ActiveCfg = Release|Any CPU
		{F16E7A1B-D6B4-4E15-9BB4-5E63967695CC}.Release|Any CPU.Build.0 = Release|Any CPU
	EndGlobalSection
	GlobalSection(SolutionProperties) = preSolution
		HideSolutionNode = FALSE
	EndGlobalSection
EndGlobal
